// !$*UTF8*$!
{
	archiveVersion = 1;
	classes = {
	};
	objectVersion = 56;
	objects = {

/* Begin PBXBuildFile section */
		AD80791D2A0223FA0051C79F /* FetchSongs.swift in Sources */ = {isa = PBXBuildFile; fileRef = AD80791C2A0223FA0051C79F /* FetchSongs.swift */; };
		ADD1C31229FBA7EF005965B0 /* AppDelegate.swift in Sources */ = {isa = PBXBuildFile; fileRef = ADD1C31129FBA7EF005965B0 /* AppDelegate.swift */; };
		ADD1C31429FBA7EF005965B0 /* SceneDelegate.swift in Sources */ = {isa = PBXBuildFile; fileRef = ADD1C31329FBA7EF005965B0 /* SceneDelegate.swift */; };
		ADD1C31629FBA7EF005965B0 /* ViewController.swift in Sources */ = {isa = PBXBuildFile; fileRef = ADD1C31529FBA7EF005965B0 /* ViewController.swift */; };
		ADD1C31929FBA7EF005965B0 /* Main.storyboard in Resources */ = {isa = PBXBuildFile; fileRef = ADD1C31729FBA7EF005965B0 /* Main.storyboard */; };
		ADD1C31B29FBA7F1005965B0 /* Assets.xcassets in Resources */ = {isa = PBXBuildFile; fileRef = ADD1C31A29FBA7F1005965B0 /* Assets.xcassets */; };
		ADD1C31E29FBA7F1005965B0 /* LaunchScreen.storyboard in Resources */ = {isa = PBXBuildFile; fileRef = ADD1C31C29FBA7F1005965B0 /* LaunchScreen.storyboard */; };
		ADD1C32929FBA7F1005965B0 /* danuja_customCellTests.swift in Sources */ = {isa = PBXBuildFile; fileRef = ADD1C32829FBA7F1005965B0 /* danuja_customCellTests.swift */; };
		ADD1C33329FBA7F1005965B0 /* danuja_customCellUITests.swift in Sources */ = {isa = PBXBuildFile; fileRef = ADD1C33229FBA7F1005965B0 /* danuja_customCellUITests.swift */; };
		ADD1C33529FBA7F1005965B0 /* danuja_customCellUITestsLaunchTests.swift in Sources */ = {isa = PBXBuildFile; fileRef = ADD1C33429FBA7F1005965B0 /* danuja_customCellUITestsLaunchTests.swift */; };
		ADD1C34229FBB3DD005965B0 /* SongsTableViewCell.swift in Sources */ = {isa = PBXBuildFile; fileRef = ADD1C34129FBB3DD005965B0 /* SongsTableViewCell.swift */; };
		ADD1C34429FBBDD6005965B0 /* SongStruct.swift in Sources */ = {isa = PBXBuildFile; fileRef = ADD1C34329FBBDD6005965B0 /* SongStruct.swift */; };
/* End PBXBuildFile section */

/* Begin PBXContainerItemProxy section */
		ADD1C32529FBA7F1005965B0 /* PBXContainerItemProxy */ = {
			isa = PBXContainerItemProxy;
			containerPortal = ADD1C30629FBA7EF005965B0 /* Project object */;
			proxyType = 1;
			remoteGlobalIDString = ADD1C30D29FBA7EF005965B0;
			remoteInfo = danuja.customCell;
		};
		ADD1C32F29FBA7F1005965B0 /* PBXContainerItemProxy */ = {
			isa = PBXContainerItemProxy;
			containerPortal = ADD1C30629FBA7EF005965B0 /* Project object */;
			proxyType = 1;
			remoteGlobalIDString = ADD1C30D29FBA7EF005965B0;
			remoteInfo = danuja.customCell;
		};
/* End PBXContainerItemProxy section */

/* Begin PBXFileReference section */
		AD80791C2A0223FA0051C79F /* FetchSongs.swift */ = {isa = PBXFileReference; lastKnownFileType = sourcecode.swift; path = FetchSongs.swift; sourceTree = "<group>"; };
		ADD1C30E29FBA7EF005965B0 /* danuja.customCell.app */ = {isa = PBXFileReference; explicitFileType = wrapper.application; includeInIndex = 0; path = danuja.customCell.app; sourceTree = BUILT_PRODUCTS_DIR; };
		ADD1C31129FBA7EF005965B0 /* AppDelegate.swift */ = {isa = PBXFileReference; lastKnownFileType = sourcecode.swift; path = AppDelegate.swift; sourceTree = "<group>"; };
		ADD1C31329FBA7EF005965B0 /* SceneDelegate.swift */ = {isa = PBXFileReference; lastKnownFileType = sourcecode.swift; path = SceneDelegate.swift; sourceTree = "<group>"; };
		ADD1C31529FBA7EF005965B0 /* ViewController.swift */ = {isa = PBXFileReference; lastKnownFileType = sourcecode.swift; path = ViewController.swift; sourceTree = "<group>"; };
		ADD1C31829FBA7EF005965B0 /* Base */ = {isa = PBXFileReference; lastKnownFileType = file.storyboard; name = Base; path = Base.lproj/Main.storyboard; sourceTree = "<group>"; };
		ADD1C31A29FBA7F1005965B0 /* Assets.xcassets */ = {isa = PBXFileReference; lastKnownFileType = folder.assetcatalog; path = Assets.xcassets; sourceTree = "<group>"; };
		ADD1C31D29FBA7F1005965B0 /* Base */ = {isa = PBXFileReference; lastKnownFileType = file.storyboard; name = Base; path = Base.lproj/LaunchScreen.storyboard; sourceTree = "<group>"; };
		ADD1C31F29FBA7F1005965B0 /* Info.plist */ = {isa = PBXFileReference; lastKnownFileType = text.plist.xml; path = Info.plist; sourceTree = "<group>"; };
		ADD1C32429FBA7F1005965B0 /* danuja.customCellTests.xctest */ = {isa = PBXFileReference; explicitFileType = wrapper.cfbundle; includeInIndex = 0; path = danuja.customCellTests.xctest; sourceTree = BUILT_PRODUCTS_DIR; };
		ADD1C32829FBA7F1005965B0 /* danuja_customCellTests.swift */ = {isa = PBXFileReference; lastKnownFileType = sourcecode.swift; path = danuja_customCellTests.swift; sourceTree = "<group>"; };
		ADD1C32E29FBA7F1005965B0 /* danuja.customCellUITests.xctest */ = {isa = PBXFileReference; explicitFileType = wrapper.cfbundle; includeInIndex = 0; path = danuja.customCellUITests.xctest; sourceTree = BUILT_PRODUCTS_DIR; };
		ADD1C33229FBA7F1005965B0 /* danuja_customCellUITests.swift */ = {isa = PBXFileReference; lastKnownFileType = sourcecode.swift; path = danuja_customCellUITests.swift; sourceTree = "<group>"; };
		ADD1C33429FBA7F1005965B0 /* danuja_customCellUITestsLaunchTests.swift */ = {isa = PBXFileReference; lastKnownFileType = sourcecode.swift; path = danuja_customCellUITestsLaunchTests.swift; sourceTree = "<group>"; };
		ADD1C34129FBB3DD005965B0 /* SongsTableViewCell.swift */ = {isa = PBXFileReference; lastKnownFileType = sourcecode.swift; path = SongsTableViewCell.swift; sourceTree = "<group>"; };
		ADD1C34329FBBDD6005965B0 /* SongStruct.swift */ = {isa = PBXFileReference; lastKnownFileType = sourcecode.swift; path = SongStruct.swift; sourceTree = "<group>"; };
/* End PBXFileReference section */

/* Begin PBXFrameworksBuildPhase section */
		ADD1C30B29FBA7EF005965B0 /* Frameworks */ = {
			isa = PBXFrameworksBuildPhase;
			buildActionMask = 2147483647;
			files = (
			);
			runOnlyForDeploymentPostprocessing = 0;
		};
		ADD1C32129FBA7F1005965B0 /* Frameworks */ = {
			isa = PBXFrameworksBuildPhase;
			buildActionMask = 2147483647;
			files = (
			);
			runOnlyForDeploymentPostprocessing = 0;
		};
		ADD1C32B29FBA7F1005965B0 /* Frameworks */ = {
			isa = PBXFrameworksBuildPhase;
			buildActionMask = 2147483647;
			files = (
			);
			runOnlyForDeploymentPostprocessing = 0;
		};
/* End PBXFrameworksBuildPhase section */

/* Begin PBXGroup section */
		ADD1C30529FBA7EF005965B0 = {
			isa = PBXGroup;
			children = (
				ADD1C31029FBA7EF005965B0 /* danuja.customCell */,
				ADD1C32729FBA7F1005965B0 /* danuja.customCellTests */,
				ADD1C33129FBA7F1005965B0 /* danuja.customCellUITests */,
				ADD1C30F29FBA7EF005965B0 /* Products */,
			);
			sourceTree = "<group>";
		};
		ADD1C30F29FBA7EF005965B0 /* Products */ = {
			isa = PBXGroup;
			children = (
				ADD1C30E29FBA7EF005965B0 /* danuja.customCell.app */,
				ADD1C32429FBA7F1005965B0 /* danuja.customCellTests.xctest */,
				ADD1C32E29FBA7F1005965B0 /* danuja.customCellUITests.xctest */,
			);
			name = Products;
			sourceTree = "<group>";
		};
		ADD1C31029FBA7EF005965B0 /* danuja.customCell */ = {
			isa = PBXGroup;
			children = (
				ADD1C31129FBA7EF005965B0 /* AppDelegate.swift */,
				ADD1C31329FBA7EF005965B0 /* SceneDelegate.swift */,
				ADD1C31529FBA7EF005965B0 /* ViewController.swift */,
				ADD1C31729FBA7EF005965B0 /* Main.storyboard */,
				ADD1C31A29FBA7F1005965B0 /* Assets.xcassets */,
				ADD1C31C29FBA7F1005965B0 /* LaunchScreen.storyboard */,
				ADD1C31F29FBA7F1005965B0 /* Info.plist */,
				ADD1C34129FBB3DD005965B0 /* SongsTableViewCell.swift */,
				ADD1C34329FBBDD6005965B0 /* SongStruct.swift */,
				AD80791C2A0223FA0051C79F /* FetchSongs.swift */,
			);
			path = danuja.customCell;
			sourceTree = "<group>";
		};
		ADD1C32729FBA7F1005965B0 /* danuja.customCellTests */ = {
			isa = PBXGroup;
			children = (
				ADD1C32829FBA7F1005965B0 /* danuja_customCellTests.swift */,
			);
			path = danuja.customCellTests;
			sourceTree = "<group>";
		};
		ADD1C33129FBA7F1005965B0 /* danuja.customCellUITests */ = {
			isa = PBXGroup;
			children = (
				ADD1C33229FBA7F1005965B0 /* danuja_customCellUITests.swift */,
				ADD1C33429FBA7F1005965B0 /* danuja_customCellUITestsLaunchTests.swift */,
			);
			path = danuja.customCellUITests;
			sourceTree = "<group>";
		};
/* End PBXGroup section */

/* Begin PBXNativeTarget section */
		ADD1C30D29FBA7EF005965B0 /* danuja.customCell */ = {
			isa = PBXNativeTarget;
			buildConfigurationList = ADD1C33829FBA7F1005965B0 /* Build configuration list for PBXNativeTarget "danuja.customCell" */;
			buildPhases = (
				ADD1C30A29FBA7EF005965B0 /* Sources */,
				ADD1C30B29FBA7EF005965B0 /* Frameworks */,
				ADD1C30C29FBA7EF005965B0 /* Resources */,
			);
			buildRules = (
			);
			dependencies = (
			);
			name = danuja.customCell;
			productName = danuja.customCell;
			productReference = ADD1C30E29FBA7EF005965B0 /* danuja.customCell.app */;
			productType = "com.apple.product-type.application";
		};
		ADD1C32329FBA7F1005965B0 /* danuja.customCellTests */ = {
			isa = PBXNativeTarget;
			buildConfigurationList = ADD1C33B29FBA7F1005965B0 /* Build configuration list for PBXNativeTarget "danuja.customCellTests" */;
			buildPhases = (
				ADD1C32029FBA7F1005965B0 /* Sources */,
				ADD1C32129FBA7F1005965B0 /* Frameworks */,
				ADD1C32229FBA7F1005965B0 /* Resources */,
			);
			buildRules = (
			);
			dependencies = (
				ADD1C32629FBA7F1005965B0 /* PBXTargetDependency */,
			);
			name = danuja.customCellTests;
			productName = danuja.customCellTests;
			productReference = ADD1C32429FBA7F1005965B0 /* danuja.customCellTests.xctest */;
			productType = "com.apple.product-type.bundle.unit-test";
		};
		ADD1C32D29FBA7F1005965B0 /* danuja.customCellUITests */ = {
			isa = PBXNativeTarget;
			buildConfigurationList = ADD1C33E29FBA7F1005965B0 /* Build configuration list for PBXNativeTarget "danuja.customCellUITests" */;
			buildPhases = (
				ADD1C32A29FBA7F1005965B0 /* Sources */,
				ADD1C32B29FBA7F1005965B0 /* Frameworks */,
				ADD1C32C29FBA7F1005965B0 /* Resources */,
			);
			buildRules = (
			);
			dependencies = (
				ADD1C33029FBA7F1005965B0 /* PBXTargetDependency */,
			);
			name = danuja.customCellUITests;
			productName = danuja.customCellUITests;
			productReference = ADD1C32E29FBA7F1005965B0 /* danuja.customCellUITests.xctest */;
			productType = "com.apple.product-type.bundle.ui-testing";
		};
/* End PBXNativeTarget section */

/* Begin PBXProject section */
		ADD1C30629FBA7EF005965B0 /* Project object */ = {
			isa = PBXProject;
			attributes = {
				BuildIndependentTargetsInParallel = 1;
				LastSwiftUpdateCheck = 1430;
				LastUpgradeCheck = 1430;
				TargetAttributes = {
					ADD1C30D29FBA7EF005965B0 = {
						CreatedOnToolsVersion = 14.3;
					};
					ADD1C32329FBA7F1005965B0 = {
						CreatedOnToolsVersion = 14.3;
						TestTargetID = ADD1C30D29FBA7EF005965B0;
					};
					ADD1C32D29FBA7F1005965B0 = {
						CreatedOnToolsVersion = 14.3;
						TestTargetID = ADD1C30D29FBA7EF005965B0;
					};
				};
			};
			buildConfigurationList = ADD1C30929FBA7EF005965B0 /* Build configuration list for PBXProject "danuja.customCell" */;
			compatibilityVersion = "Xcode 14.0";
			developmentRegion = en;
			hasScannedForEncodings = 0;
			knownRegions = (
				en,
				Base,
			);
			mainGroup = ADD1C30529FBA7EF005965B0;
			productRefGroup = ADD1C30F29FBA7EF005965B0 /* Products */;
			projectDirPath = "";
			projectRoot = "";
			targets = (
				ADD1C30D29FBA7EF005965B0 /* danuja.customCell */,
				ADD1C32329FBA7F1005965B0 /* danuja.customCellTests */,
				ADD1C32D29FBA7F1005965B0 /* danuja.customCellUITests */,
			);
		};
/* End PBXProject section */

/* Begin PBXResourcesBuildPhase section */
		ADD1C30C29FBA7EF005965B0 /* Resources */ = {
			isa = PBXResourcesBuildPhase;
			buildActionMask = 2147483647;
			files = (
				ADD1C31E29FBA7F1005965B0 /* LaunchScreen.storyboard in Resources */,
				ADD1C31B29FBA7F1005965B0 /* Assets.xcassets in Resources */,
				ADD1C31929FBA7EF005965B0 /* Main.storyboard in Resources */,
			);
			runOnlyForDeploymentPostprocessing = 0;
		};
		ADD1C32229FBA7F1005965B0 /* Resources */ = {
			isa = PBXResourcesBuildPhase;
			buildActionMask = 2147483647;
			files = (
			);
			runOnlyForDeploymentPostprocessing = 0;
		};
		ADD1C32C29FBA7F1005965B0 /* Resources */ = {
			isa = PBXResourcesBuildPhase;
			buildActionMask = 2147483647;
			files = (
			);
			runOnlyForDeploymentPostprocessing = 0;
		};
/* End PBXResourcesBuildPhase section */

/* Begin PBXSourcesBuildPhase section */
		ADD1C30A29FBA7EF005965B0 /* Sources */ = {
			isa = PBXSourcesBuildPhase;
			buildActionMask = 2147483647;
			files = (
				ADD1C34229FBB3DD005965B0 /* SongsTableViewCell.swift in Sources */,
				AD80791D2A0223FA0051C79F /* FetchSongs.swift in Sources */,
				ADD1C34429FBBDD6005965B0 /* SongStruct.swift in Sources */,
				ADD1C31629FBA7EF005965B0 /* ViewController.swift in Sources */,
				ADD1C31229FBA7EF005965B0 /* AppDelegate.swift in Sources */,
				ADD1C31429FBA7EF005965B0 /* SceneDelegate.swift in Sources */,
			);
			runOnlyForDeploymentPostprocessing = 0;
		};
		ADD1C32029FBA7F1005965B0 /* Sources */ = {
			isa = PBXSourcesBuildPhase;
			buildActionMask = 2147483647;
			files = (
				ADD1C32929FBA7F1005965B0 /* danuja_customCellTests.swift in Sources */,
			);
			runOnlyForDeploymentPostprocessing = 0;
		};
		ADD1C32A29FBA7F1005965B0 /* Sources */ = {
			isa = PBXSourcesBuildPhase;
			buildActionMask = 2147483647;
			files = (
				ADD1C33529FBA7F1005965B0 /* danuja_customCellUITestsLaunchTests.swift in Sources */,
				ADD1C33329FBA7F1005965B0 /* danuja_customCellUITests.swift in Sources */,
			);
			runOnlyForDeploymentPostprocessing = 0;
		};
/* End PBXSourcesBuildPhase section */

/* Begin PBXTargetDependency section */
		ADD1C32629FBA7F1005965B0 /* PBXTargetDependency */ = {
			isa = PBXTargetDependency;
			target = ADD1C30D29FBA7EF005965B0 /* danuja.customCell */;
			targetProxy = ADD1C32529FBA7F1005965B0 /* PBXContainerItemProxy */;
		};
		ADD1C33029FBA7F1005965B0 /* PBXTargetDependency */ = {
			isa = PBXTargetDependency;
			target = ADD1C30D29FBA7EF005965B0 /* danuja.customCell */;
			targetProxy = ADD1C32F29FBA7F1005965B0 /* PBXContainerItemProxy */;
		};
/* End PBXTargetDependency section */

/* Begin PBXVariantGroup section */
		ADD1C31729FBA7EF005965B0 /* Main.storyboard */ = {
			isa = PBXVariantGroup;
			children = (
				ADD1C31829FBA7EF005965B0 /* Base */,
			);
			name = Main.storyboard;
			sourceTree = "<group>";
		};
		ADD1C31C29FBA7F1005965B0 /* LaunchScreen.storyboard */ = {
			isa = PBXVariantGroup;
			children = (
				ADD1C31D29FBA7F1005965B0 /* Base */,
			);
			name = LaunchScreen.storyboard;
			sourceTree = "<group>";
		};
/* End PBXVariantGroup section */

/* Begin XCBuildConfiguration section */
		ADD1C33629FBA7F1005965B0 /* Debug */ = {
			isa = XCBuildConfiguration;
			buildSettings = {
				ALWAYS_SEARCH_USER_PATHS = NO;
				CLANG_ANALYZER_NONNULL = YES;
				CLANG_ANALYZER_NUMBER_OBJECT_CONVERSION = YES_AGGRESSIVE;
				CLANG_CXX_LANGUAGE_STANDARD = "gnu++20";
				CLANG_ENABLE_MODULES = YES;
				CLANG_ENABLE_OBJC_ARC = YES;
				CLANG_ENABLE_OBJC_WEAK = YES;
				CLANG_WARN_BLOCK_CAPTURE_AUTORELEASING = YES;
				CLANG_WARN_BOOL_CONVERSION = YES;
				CLANG_WARN_COMMA = YES;
				CLANG_WARN_CONSTANT_CONVERSION = YES;
				CLANG_WARN_DEPRECATED_OBJC_IMPLEMENTATIONS = YES;
				CLANG_WARN_DIRECT_OBJC_ISA_USAGE = YES_ERROR;
				CLANG_WARN_DOCUMENTATION_COMMENTS = YES;
				CLANG_WARN_EMPTY_BODY = YES;
				CLANG_WARN_ENUM_CONVERSION = YES;
				CLANG_WARN_INFINITE_RECURSION = YES;
				CLANG_WARN_INT_CONVERSION = YES;
				CLANG_WARN_NON_LITERAL_NULL_CONVERSION = YES;
				CLANG_WARN_OBJC_IMPLICIT_RETAIN_SELF = YES;
				CLANG_WARN_OBJC_LITERAL_CONVERSION = YES;
				CLANG_WARN_OBJC_ROOT_CLASS = YES_ERROR;
				CLANG_WARN_QUOTED_INCLUDE_IN_FRAMEWORK_HEADER = YES;
				CLANG_WARN_RANGE_LOOP_ANALYSIS = YES;
				CLANG_WARN_STRICT_PROTOTYPES = YES;
				CLANG_WARN_SUSPICIOUS_MOVE = YES;
				CLANG_WARN_UNGUARDED_AVAILABILITY = YES_AGGRESSIVE;
				CLANG_WARN_UNREACHABLE_CODE = YES;
				CLANG_WARN__DUPLICATE_METHOD_MATCH = YES;
				COPY_PHASE_STRIP = NO;
				DEBUG_INFORMATION_FORMAT = dwarf;
				ENABLE_STRICT_OBJC_MSGSEND = YES;
				ENABLE_TESTABILITY = YES;
				GCC_C_LANGUAGE_STANDARD = gnu11;
				GCC_DYNAMIC_NO_PIC = NO;
				GCC_NO_COMMON_BLOCKS = YES;
				GCC_OPTIMIZATION_LEVEL = 0;
				GCC_PREPROCESSOR_DEFINITIONS = (
					"DEBUG=1",
					"$(inherited)",
				);
				GCC_WARN_64_TO_32_BIT_CONVERSION = YES;
				GCC_WARN_ABOUT_RETURN_TYPE = YES_ERROR;
				GCC_WARN_UNDECLARED_SELECTOR = YES;
				GCC_WARN_UNINITIALIZED_AUTOS = YES_AGGRESSIVE;
				GCC_WARN_UNUSED_FUNCTION = YES;
				GCC_WARN_UNUSED_VARIABLE = YES;
				IPHONEOS_DEPLOYMENT_TARGET = 16.4;
				MTL_ENABLE_DEBUG_INFO = INCLUDE_SOURCE;
				MTL_FAST_MATH = YES;
				ONLY_ACTIVE_ARCH = YES;
				SDKROOT = iphoneos;
				SWIFT_ACTIVE_COMPILATION_CONDITIONS = DEBUG;
				SWIFT_OPTIMIZATION_LEVEL = "-Onone";
			};
			name = Debug;
		};
		ADD1C33729FBA7F1005965B0 /* Release */ = {
			isa = XCBuildConfiguration;
			buildSettings = {
				ALWAYS_SEARCH_USER_PATHS = NO;
				CLANG_ANALYZER_NONNULL = YES;
				CLANG_ANALYZER_NUMBER_OBJECT_CONVERSION = YES_AGGRESSIVE;
				CLANG_CXX_LANGUAGE_STANDARD = "gnu++20";
				CLANG_ENABLE_MODULES = YES;
				CLANG_ENABLE_OBJC_ARC = YES;
				CLANG_ENABLE_OBJC_WEAK = YES;
				CLANG_WARN_BLOCK_CAPTURE_AUTORELEASING = YES;
				CLANG_WARN_BOOL_CONVERSION = YES;
				CLANG_WARN_COMMA = YES;
				CLANG_WARN_CONSTANT_CONVERSION = YES;
				CLANG_WARN_DEPRECATED_OBJC_IMPLEMENTATIONS = YES;
				CLANG_WARN_DIRECT_OBJC_ISA_USAGE = YES_ERROR;
				CLANG_WARN_DOCUMENTATION_COMMENTS = YES;
				CLANG_WARN_EMPTY_BODY = YES;
				CLANG_WARN_ENUM_CONVERSION = YES;
				CLANG_WARN_INFINITE_RECURSION = YES;
				CLANG_WARN_INT_CONVERSION = YES;
				CLANG_WARN_NON_LITERAL_NULL_CONVERSION = YES;
				CLANG_WARN_OBJC_IMPLICIT_RETAIN_SELF = YES;
				CLANG_WARN_OBJC_LITERAL_CONVERSION = YES;
				CLANG_WARN_OBJC_ROOT_CLASS = YES_ERROR;
				CLANG_WARN_QUOTED_INCLUDE_IN_FRAMEWORK_HEADER = YES;
				CLANG_WARN_RANGE_LOOP_ANALYSIS = YES;
				CLANG_WARN_STRICT_PROTOTYPES = YES;
				CLANG_WARN_SUSPICIOUS_MOVE = YES;
				CLANG_WARN_UNGUARDED_AVAILABILITY = YES_AGGRESSIVE;
				CLANG_WARN_UNREACHABLE_CODE = YES;
				CLANG_WARN__DUPLICATE_METHOD_MATCH = YES;
				COPY_PHASE_STRIP = NO;
				DEBUG_INFORMATION_FORMAT = "dwarf-with-dsym";
				ENABLE_NS_ASSERTIONS = NO;
				ENABLE_STRICT_OBJC_MSGSEND = YES;
				GCC_C_LANGUAGE_STANDARD = gnu11;
				GCC_NO_COMMON_BLOCKS = YES;
				GCC_WARN_64_TO_32_BIT_CONVERSION = YES;
				GCC_WARN_ABOUT_RETURN_TYPE = YES_ERROR;
				GCC_WARN_UNDECLARED_SELECTOR = YES;
				GCC_WARN_UNINITIALIZED_AUTOS = YES_AGGRESSIVE;
				GCC_WARN_UNUSED_FUNCTION = YES;
				GCC_WARN_UNUSED_VARIABLE = YES;
				IPHONEOS_DEPLOYMENT_TARGET = 16.4;
				MTL_ENABLE_DEBUG_INFO = NO;
				MTL_FAST_MATH = YES;
				SDKROOT = iphoneos;
				SWIFT_COMPILATION_MODE = wholemodule;
				SWIFT_OPTIMIZATION_LEVEL = "-O";
				VALIDATE_PRODUCT = YES;
			};
			name = Release;
		};
		ADD1C33929FBA7F1005965B0 /* Debug */ = {
			isa = XCBuildConfiguration;
			buildSettings = {
				ASSETCATALOG_COMPILER_APPICON_NAME = AppIcon;
				ASSETCATALOG_COMPILER_GLOBAL_ACCENT_COLOR_NAME = AccentColor;
				CODE_SIGN_STYLE = Automatic;
				CURRENT_PROJECT_VERSION = 1;
				GENERATE_INFOPLIST_FILE = YES;
				INFOPLIST_FILE = danuja.customCell/Info.plist;
				INFOPLIST_KEY_UIApplicationSupportsIndirectInputEvents = YES;
				INFOPLIST_KEY_UILaunchStoryboardName = LaunchScreen;
				INFOPLIST_KEY_UIMainStoryboardFile = Main;
				INFOPLIST_KEY_UISupportedInterfaceOrientations_iPad = "UIInterfaceOrientationPortrait UIInterfaceOrientationPortraitUpsideDown UIInterfaceOrientationLandscapeLeft UIInterfaceOrientationLandscapeRight";
				INFOPLIST_KEY_UISupportedInterfaceOrientations_iPhone = "UIInterfaceOrientationPortrait UIInterfaceOrientationLandscapeLeft UIInterfaceOrientationLandscapeRight";
				LD_RUNPATH_SEARCH_PATHS = (
					"$(inherited)",
					"@executable_path/Frameworks",
				);
				MARKETING_VERSION = 1.0;
				PRODUCT_BUNDLE_IDENTIFIER = "rtdf.danuja-customCell";
				PRODUCT_NAME = "$(TARGET_NAME)";
				SWIFT_EMIT_LOC_STRINGS = YES;
				SWIFT_VERSION = 5.0;
				TARGETED_DEVICE_FAMILY = "1,2";
			};
			name = Debug;
		};
		ADD1C33A29FBA7F1005965B0 /* Release */ = {
			isa = XCBuildConfiguration;
			buildSettings = {
				ASSETCATALOG_COMPILER_APPICON_NAME = AppIcon;
				ASSETCATALOG_COMPILER_GLOBAL_ACCENT_COLOR_NAME = AccentColor;
				CODE_SIGN_STYLE = Automatic;
				CURRENT_PROJECT_VERSION = 1;
				GENERATE_INFOPLIST_FILE = YES;
				INFOPLIST_FILE = danuja.customCell/Info.plist;
				INFOPLIST_KEY_UIApplicationSupportsIndirectInputEvents = YES;
				INFOPLIST_KEY_UILaunchStoryboardName = LaunchScreen;
				INFOPLIST_KEY_UIMainStoryboardFile = Main;
				INFOPLIST_KEY_UISupportedInterfaceOrientations_iPad = "UIInterfaceOrientationPortrait UIInterfaceOrientationPortraitUpsideDown UIInterfaceOrientationLandscapeLeft UIInterfaceOrientationLandscapeRight";
				INFOPLIST_KEY_UISupportedInterfaceOrientations_iPhone = "UIInterfaceOrientationPortrait UIInterfaceOrientationLandscapeLeft UIInterfaceOrientationLandscapeRight";
				LD_RUNPATH_SEARCH_PATHS = (
					"$(inherited)",
					"@executable_path/Frameworks",
				);
				MARKETING_VERSION = 1.0;
				PRODUCT_BUNDLE_IDENTIFIER = "rtdf.danuja-customCell";
				PRODUCT_NAME = "$(TARGET_NAME)";
				SWIFT_EMIT_LOC_STRINGS = YES;
				SWIFT_VERSION = 5.0;
				TARGETED_DEVICE_FAMILY = "1,2";
			};
			name = Release;
		};
		ADD1C33C29FBA7F1005965B0 /* Debug */ = {
			isa = XCBuildConfiguration;
			buildSettings = {
				ALWAYS_EMBED_SWIFT_STANDARD_LIBRARIES = YES;
				BUNDLE_LOADER = "$(TEST_HOST)";
				CODE_SIGN_STYLE = Automatic;
				CURRENT_PROJECT_VERSION = 1;
				GENERATE_INFOPLIST_FILE = YES;
				IPHONEOS_DEPLOYMENT_TARGET = 16.4;
				MARKETING_VERSION = 1.0;
				PRODUCT_BUNDLE_IDENTIFIER = "rtdf.danuja-customCellTests";
				PRODUCT_NAME = "$(TARGET_NAME)";
				SWIFT_EMIT_LOC_STRINGS = NO;
				SWIFT_VERSION = 5.0;
				TARGETED_DEVICE_FAMILY = "1,2";
				TEST_HOST = "$(BUILT_PRODUCTS_DIR)/danuja.customCell.app/$(BUNDLE_EXECUTABLE_FOLDER_PATH)/danuja.customCell";
			};
			name = Debug;
		};
		ADD1C33D29FBA7F1005965B0 /* Release */ = {
			isa = XCBuildConfiguration;
			buildSettings = {
				ALWAYS_EMBED_SWIFT_STANDARD_LIBRARIES = YES;
				BUNDLE_LOADER = "$(TEST_HOST)";
				CODE_SIGN_STYLE = Automatic;
				CURRENT_PROJECT_VERSION = 1;
				GENERATE_INFOPLIST_FILE = YES;
				IPHONEOS_DEPLOYMENT_TARGET = 16.4;
				MARKETING_VERSION = 1.0;
				PRODUCT_BUNDLE_IDENTIFIER = "rtdf.danuja-customCellTests";
				PRODUCT_NAME = "$(TARGET_NAME)";
				SWIFT_EMIT_LOC_STRINGS = NO;
				SWIFT_VERSION = 5.0;
				TARGETED_DEVICE_FAMILY = "1,2";
				TEST_HOST = "$(BUILT_PRODUCTS_DIR)/danuja.customCell.app/$(BUNDLE_EXECUTABLE_FOLDER_PATH)/danuja.customCell";
			};
			name = Release;
		};
		ADD1C33F29FBA7F1005965B0 /* Debug */ = {
			isa = XCBuildConfiguration;
			buildSettings = {
				ALWAYS_EMBED_SWIFT_STANDARD_LIBRARIES = YES;
				CODE_SIGN_STYLE = Automatic;
				CURRENT_PROJECT_VERSION = 1;
				GENERATE_INFOPLIST_FILE = YES;
				MARKETING_VERSION = 1.0;
				PRODUCT_BUNDLE_IDENTIFIER = "rtdf.danuja-customCellUITests";
				PRODUCT_NAME = "$(TARGET_NAME)";
				SWIFT_EMIT_LOC_STRINGS = NO;
				SWIFT_VERSION = 5.0;
				TARGETED_DEVICE_FAMILY = "1,2";
				TEST_TARGET_NAME = danuja.customCell;
			};
			name = Debug;
		};
		ADD1C34029FBA7F1005965B0 /* Release */ = {
			isa = XCBuildConfiguration;
			buildSettings = {
				ALWAYS_EMBED_SWIFT_STANDARD_LIBRARIES = YES;
				CODE_SIGN_STYLE = Automatic;
				CURRENT_PROJECT_VERSION = 1;
				GENERATE_INFOPLIST_FILE = YES;
				MARKETING_VERSION = 1.0;
				PRODUCT_BUNDLE_IDENTIFIER = "rtdf.danuja-customCellUITests";
				PRODUCT_NAME = "$(TARGET_NAME)";
				SWIFT_EMIT_LOC_STRINGS = NO;
				SWIFT_VERSION = 5.0;
				TARGETED_DEVICE_FAMILY = "1,2";
				TEST_TARGET_NAME = danuja.customCell;
			};
			name = Release;
		};
/* End XCBuildConfiguration section */

/* Begin XCConfigurationList section */
		ADD1C30929FBA7EF005965B0 /* Build configuration list for PBXProject "danuja.customCell" */ = {
			isa = XCConfigurationList;
			buildConfigurations = (
				ADD1C33629FBA7F1005965B0 /* Debug */,
				ADD1C33729FBA7F1005965B0 /* Release */,
			);
			defaultConfigurationIsVisible = 0;
			defaultConfigurationName = Release;
		};
		ADD1C33829FBA7F1005965B0 /* Build configuration list for PBXNativeTarget "danuja.customCell" */ = {
			isa = XCConfigurationList;
			buildConfigurations = (
				ADD1C33929FBA7F1005965B0 /* Debug */,
				ADD1C33A29FBA7F1005965B0 /* Release */,
			);
			defaultConfigurationIsVisible = 0;
			defaultConfigurationName = Release;
		};
		ADD1C33B29FBA7F1005965B0 /* Build configuration list for PBXNativeTarget "danuja.customCellTests" */ = {
			isa = XCConfigurationList;
			buildConfigurations = (
				ADD1C33C29FBA7F1005965B0 /* Debug */,
				ADD1C33D29FBA7F1005965B0 /* Release */,
			);
			defaultConfigurationIsVisible = 0;
			defaultConfigurationName = Release;
		};
		ADD1C33E29FBA7F1005965B0 /* Build configuration list for PBXNativeTarget "danuja.customCellUITests" */ = {
			isa = XCConfigurationList;
			buildConfigurations = (
				ADD1C33F29FBA7F1005965B0 /* Debug */,
				ADD1C34029FBA7F1005965B0 /* Release */,
			);
			defaultConfigurationIsVisible = 0;
			defaultConfigurationName = Release;
		};
/* End XCConfigurationList section */
	};
	rootObject = ADD1C30629FBA7EF005965B0 /* Project object */;
}
